
Microsoft Visual Studio Solution File, Format Version 12.00
# Visual Studio 15
VisualStudioVersion = 15.0.26228.9
MinimumVisualStudioVersion = 10.0.40219.1
Project("{FAE04EC0-301F-11D3-BF4B-00C04F79EFBC}") = "ProductsWebApplication", "StoreWebApplication\ProductsWebApplication.csproj", "{735EABDB-F0F3-4A7B-BA62-F4A1220D607C}"
EndProject
Global
	GlobalSection(SolutionConfigurationPlatforms) = preSolution
		Debug|Any CPU = Debug|Any CPU
		Release|Any CPU = Release|Any CPU
	EndGlobalSection
	GlobalSection(ProjectConfigurationPlatforms) = postSolution
		{735EABDB-F0F3-4A7B-BA62-F4A1220D607C}.Debug|Any CPU.ActiveCfg = Debug|Any CPU
		{735EABDB-F0F3-4A7B-BA62-F4A1220D607C}.Debug|Any CPU.Build.0 = Debug|Any CPU
		{735EABDB-F0F3-4A7B-BA62-F4A1220D607C}.Release|Any CPU.ActiveCfg = Release|Any CPU
		{735EABDB-F0F3-4A7B-BA62-F4A1220D607C}.Release|Any CPU.Build.0 = Release|Any CPU
	EndGlobalSection
	GlobalSection(SolutionProperties) = preSolution
		HideSolutionNode = FALSE
	EndGlobalSection
	GlobalSection(ExtensibilityGlobals) = postSolution
		SolutionGuid = {79C6C4CC-C0AF-4AB5-B3F3-2E6A70B848CF}
	EndGlobalSection
EndGlobal
